// !$*UTF8*$!
{
	archiveVersion = 1;
	classes = {
	};
	objectVersion = 46;
	objects = {

/* Begin PBXBuildFile section */
		024C534A1EA506C600D560AA /* AppDelegate.swift in Sources */ = {isa = PBXBuildFile; fileRef = 024C53491EA506C600D560AA /* AppDelegate.swift */; };
		024C534C1EA506C600D560AA /* ViewController.swift in Sources */ = {isa = PBXBuildFile; fileRef = 024C534B1EA506C600D560AA /* ViewController.swift */; };
		024C534F1EA506C600D560AA /* Main.storyboard in Resources */ = {isa = PBXBuildFile; fileRef = 024C534D1EA506C600D560AA /* Main.storyboard */; };
		024C53511EA506C600D560AA /* Assets.xcassets in Resources */ = {isa = PBXBuildFile; fileRef = 024C53501EA506C600D560AA /* Assets.xcassets */; };
		024C53541EA506C600D560AA /* LaunchScreen.storyboard in Resources */ = {isa = PBXBuildFile; fileRef = 024C53521EA506C600D560AA /* LaunchScreen.storyboard */; };
/* End PBXBuildFile section */

/* Begin PBXFileReference section */
		024C53461EA506C600D560AA /* StaleApps.app */ = {isa = PBXFileReference; explicitFileType = wrapper.application; includeInIndex = 0; path = StaleApps.app; sourceTree = BUILT_PRODUCTS_DIR; };
		024C53491EA506C600D560AA /* AppDelegate.swift */ = {isa = PBXFileReference; lastKnownFileType = sourcecode.swift; path = AppDelegate.swift; sourceTree = "<group>"; };
		024C534B1EA506C600D560AA /* ViewController.swift */ = {isa = PBXFileReference; lastKnownFileType = sourcecode.swift; path = ViewController.swift; sourceTree = "<group>"; };
		024C534E1EA506C600D560AA /* Base */ = {isa = PBXFileReference; lastKnownFileType = file.storyboard; name = Base; path = Base.lproj/Main.storyboard; sourceTree = "<group>"; };
		024C53501EA506C600D560AA /* Assets.xcassets */ = {isa = PBXFileReference; lastKnownFileType = folder.assetcatalog; path = Assets.xcassets; sourceTree = "<group>"; };
		024C53531EA506C600D560AA /* Base */ = {isa = PBXFileReference; lastKnownFileType = file.storyboard; name = Base; path = Base.lproj/LaunchScreen.storyboard; sourceTree = "<group>"; };
		024C53551EA506C600D560AA /* Info.plist */ = {isa = PBXFileReference; lastKnownFileType = text.plist.xml; path = Info.plist; sourceTree = "<group>"; };
/* End PBXFileReference section */

/* Begin PBXFrameworksBuildPhase section */
		024C53431EA506C600D560AA /* Frameworks */ = {
			isa = PBXFrameworksBuildPhase;
			buildActionMask = 2147483647;
			files = (
			);
			runOnlyForDeploymentPostprocessing = 0;
		};
/* End PBXFrameworksBuildPhase section */

/* Begin PBXGroup section */
		024C533D1EA506C500D560AA = {
			isa = PBXGroup;
			children = (
				024C53481EA506C600D560AA /* StaleApps */,
				024C53471EA506C600D560AA /* Products */,
			);
			sourceTree = "<group>";
		};
		024C53471EA506C600D560AA /* Products */ = {
			isa = PBXGroup;
			children = (
				024C53461EA506C600D560AA /* StaleApps.app */,
			);
			name = Products;
			sourceTree = "<group>";
		};
		024C53481EA506C600D560AA /* StaleApps */ = {
			isa = PBXGroup;
			children = (
				024C53491EA506C600D560AA /* AppDelegate.swift */,
				024C534B1EA506C600D560AA /* ViewController.swift */,
				024C534D1EA506C600D560AA /* Main.storyboard */,
				024C53501EA506C600D560AA /* Assets.xcassets */,
				024C53521EA506C600D560AA /* LaunchScreen.storyboard */,
				024C53551EA506C600D560AA /* Info.plist */,
			);
			path = StaleApps;
			sourceTree = "<group>";
		};
/* End PBXGroup section */

/* Begin PBXNativeTarget section */
		024C53451EA506C600D560AA /* StaleApps */ = {
			isa = PBXNativeTarget;
			buildConfigurationList = 024C53581EA506C600D560AA /* Build configuration list for PBXNativeTarget "StaleApps" */;
			buildPhases = (
				024C53421EA506C600D560AA /* Sources */,
				024C53431EA506C600D560AA /* Frameworks */,
				024C53441EA506C600D560AA /* Resources */,
			);
			buildRules = (
			);
			dependencies = (
			);
			name = StaleApps;
			productName = StaleApps;
			productReference = 024C53461EA506C600D560AA /* StaleApps.app */;
			productType = "com.apple.product-type.application";
		};
/* End PBXNativeTarget section */

/* Begin PBXProject section */
		024C533E1EA506C500D560AA /* Project object */ = {
			isa = PBXProject;
			attributes = {
				LastSwiftUpdateCheck = 0820;
				LastUpgradeCheck = 0820;
				ORGANIZATIONNAME = "Brandon Sanchez";
				TargetAttributes = {
					024C53451EA506C600D560AA = {
						CreatedOnToolsVersion = 8.2.1;
						ProvisioningStyle = Automatic;
					};
				};
			};
			buildConfigurationList = 024C53411EA506C500D560AA /* Build configuration list for PBXProject "StaleApps" */;
			compatibilityVersion = "Xcode 3.2";
			developmentRegion = English;
			hasScannedForEncodings = 0;
			knownRegions = (
				en,
				Base,
			);
			mainGroup = 024C533D1EA506C500D560AA;
			productRefGroup = 024C53471EA506C600D560AA /* Products */;
			projectDirPath = "";
			projectRoot = "";
			targets = (
				024C53451EA506C600D560AA /* StaleApps */,
			);
		};
/* End PBXProject section */

/* Begin PBXResourcesBuildPhase section */
		024C53441EA506C600D560AA /* Resources */ = {
			isa = PBXResourcesBuildPhase;
			buildActionMask = 2147483647;
			files = (
				024C53541EA506C600D560AA /* LaunchScreen.storyboard in Resources */,
				024C53511EA506C600D560AA /* Assets.xcassets in Resources */,
				024C534F1EA506C600D560AA /* Main.storyboard in Resources */,
			);
			runOnlyForDeploymentPostprocessing = 0;
		};
/* End PBXResourcesBuildPhase section */

/* Begin PBXSourcesBuildPhase section */
		024C53421EA506C600D560AA /* Sources */ = {
			isa = PBXSourcesBuildPhase;
			buildActionMask = 2147483647;
			files = (
				024C534C1EA506C600D560AA /* ViewController.swift in Sources */,
				024C534A1EA506C600D560AA /* AppDelegate.swift in Sources */,
			);
			runOnlyForDeploymentPostprocessing = 0;
		};
/* End PBXSourcesBuildPhase section */

/* Begin PBXVariantGroup section */
		024C534D1EA506C600D560AA /* Main.storyboard */ = {
			isa = PBXVariantGroup;
			children = (
				024C534E1EA506C600D560AA /* Base */,
			);
			name = Main.storyboard;
			sourceTree = "<group>";
		};
		024C53521EA506C600D560AA /* LaunchScreen.storyboard */ = {
			isa = PBXVariantGroup;
			children = (
				024C53531EA506C600D560AA /* Base */,
			);
			name = LaunchScreen.storyboard;
			sourceTree = "<group>";
		};
/* End PBXVariantGroup section */

/* Begin XCBuildConfiguration section */
		024C53561EA506C600D560AA /* Debug */ = {
			isa = XCBuildConfiguration;
			buildSettings = {
				ALWAYS_SEARCH_USER_PATHS = NO;
				CLANG_ANALYZER_NONNULL = YES;
				CLANG_CXX_LANGUAGE_STANDARD = "gnu++0x";
				CLANG_CXX_LIBRARY = "libc++";
				CLANG_ENABLE_MODULES = YES;
				CLANG_ENABLE_OBJC_ARC = YES;
				CLANG_WARN_BOOL_CONVERSION = YES;
				CLANG_WARN_CONSTANT_CONVERSION = YES;
				CLANG_WARN_DIRECT_OBJC_ISA_USAGE = YES_ERROR;
				CLANG_WARN_DOCUMENTATION_COMMENTS = YES;
				CLANG_WARN_EMPTY_BODY = YES;
				CLANG_WARN_ENUM_CONVERSION = YES;
				CLANG_WARN_INFINITE_RECURSION = YES;
				CLANG_WARN_INT_CONVERSION = YES;
				CLANG_WARN_OBJC_ROOT_CLASS = YES_ERROR;
				CLANG_WARN_SUSPICIOUS_MOVE = YES;
				CLANG_WARN_UNREACHABLE_CODE = YES;
				CLANG_WARN__DUPLICATE_METHOD_MATCH = YES;
				"CODE_SIGN_IDENTITY[sdk=iphoneos*]" = "iPhone Developer";
				COPY_PHASE_STRIP = NO;
				DEBUG_INFORMATION_FORMAT = dwarf;
				ENABLE_STRICT_OBJC_MSGSEND = YES;
				ENABLE_TESTABILITY = YES;
				GCC_C_LANGUAGE_STANDARD = gnu99;
				GCC_DYNAMIC_NO_PIC = NO;
				GCC_NO_COMMON_BLOCKS = YES;
				GCC_OPTIMIZATION_LEVEL = 0;
				GCC_PREPROCESSOR_DEFINITIONS = (
					"DEBUG=1",
					"$(inherited)",
				);
				GCC_WARN_64_TO_32_BIT_CONVERSION = YES;
				GCC_WARN_ABOUT_RETURN_TYPE = YES_ERROR;
				GCC_WARN_UNDECLARED_SELECTOR = YES;
				GCC_WARN_UNINITIALIZED_AUTOS = YES_AGGRESSIVE;
				GCC_WARN_UNUSED_FUNCTION = YES;
				GCC_WARN_UNUSED_VARIABLE = YES;
				IPHONEOS_DEPLOYMENT_TARGET = 10.2;
				MTL_ENABLE_DEBUG_INFO = YES;
				ONLY_ACTIVE_ARCH = YES;
				SDKROOT = iphoneos;
				SWIFT_ACTIVE_COMPILATION_CONDITIONS = DEBUG;
				SWIFT_OPTIMIZATION_LEVEL = "-Onone";
				TARGETED_DEVICE_FAMILY = "1,2";
			};
			name = Debug;
		};
		024C53571EA506C600D560AA /* Release */ = {
			isa = XCBuildConfiguration;
			buildSettings = {
				ALWAYS_SEARCH_USER_PATHS = NO;
				CLANG_ANALYZER_NONNULL = YES;
				CLANG_CXX_LANGUAGE_STANDARD = "gnu++0x";
				CLANG_CXX_LIBRARY = "libc++";
				CLANG_ENABLE_MODULES = YES;
				CLANG_ENABLE_OBJC_ARC = YES;
				CLANG_WARN_BOOL_CONVERSION = YES;
				CLANG_WARN_CONSTANT_CONVERSION = YES;
				CLANG_WARN_DIRECT_OBJC_ISA_USAGE = YES_ERROR;
				CLANG_WARN_DOCUMENTATION_COMMENTS = YES;
				CLANG_WARN_EMPTY_BODY = YES;
				CLANG_WARN_ENUM_CONVERSION = YES;
				CLANG_WARN_INFINITE_RECURSION = YES;
				CLANG_WARN_INT_CONVERSION = YES;
				CLANG_WARN_OBJC_ROOT_CLASS = YES_ERROR;
				CLANG_WARN_SUSPICIOUS_MOVE = YES;
				CLANG_WARN_UNREACHABLE_CODE = YES;
				CLANG_WARN__DUPLICATE_METHOD_MATCH = YES;
				"CODE_SIGN_IDENTITY[sdk=iphoneos*]" = "iPhone Developer";
				COPY_PHASE_STRIP = NO;
				DEBUG_INFORMATION_FORMAT = "dwarf-with-dsym";
				ENABLE_NS_ASSERTIONS = NO;
				ENABLE_STRICT_OBJC_MSGSEND = YES;
				GCC_C_LANGUAGE_STANDARD = gnu99;
				GCC_NO_COMMON_BLOCKS = YES;
				GCC_WARN_64_TO_32_BIT_CONVERSION = YES;
				GCC_WARN_ABOUT_RETURN_TYPE = YES_ERROR;
				GCC_WARN_UNDECLARED_SELECTOR = YES;
				GCC_WARN_UNINITIALIZED_AUTOS = YES_AGGRESSIVE;
				GCC_WARN_UNUSED_FUNCTION = YES;
				GCC_WARN_UNUSED_VARIABLE = YES;
				IPHONEOS_DEPLOYMENT_TARGET = 10.2;
				MTL_ENABLE_DEBUG_INFO = NO;
				SDKROOT = iphoneos;
				SWIFT_OPTIMIZATION_LEVEL = "-Owholemodule";
				TARGETED_DEVICE_FAMILY = "1,2";
				VALIDATE_PRODUCT = YES;
			};
			name = Release;
		};
		024C53591EA506C600D560AA /* Debug */ = {
			isa = XCBuildConfiguration;
			buildSettings = {
				ASSETCATALOG_COMPILER_APPICON_NAME = AppIcon;
				INFOPLIST_FILE = StaleApps/Info.plist;
				LD_RUNPATH_SEARCH_PATHS = "$(inherited) @executable_path/Frameworks";
				PRODUCT_BUNDLE_IDENTIFIER = brandon.StaleApps;
				PRODUCT_NAME = "$(TARGET_NAME)";
				SWIFT_VERSION = 3.0;
			};
			name = Debug;
		};
		024C535A1EA506C600D560AA /* Release */ = {
			isa = XCBuildConfiguration;
			buildSettings = {
				ASSETCATALOG_COMPILER_APPICON_NAME = AppIcon;
				INFOPLIST_FILE = StaleApps/Info.plist;
				LD_RUNPATH_SEARCH_PATHS = "$(inherited) @executable_path/Frameworks";
				PRODUCT_BUNDLE_IDENTIFIER = brandon.StaleApps;
				PRODUCT_NAME = "$(TARGET_NAME)";
				SWIFT_VERSION = 3.0;
			};
			name = Release;
		};
/* End XCBuildConfiguration section */

/* Begin XCConfigurationList section */
		024C53411EA506C500D560AA /* Build configuration list for PBXProject "StaleApps" */ = {
			isa = XCConfigurationList;
			buildConfigurations = (
				024C53561EA506C600D560AA /* Debug */,
				024C53571EA506C600D560AA /* Release */,
			);
			defaultConfigurationIsVisible = 0;
			defaultConfigurationName = Release;
		};
		024C53581EA506C600D560AA /* Build configuration list for PBXNativeTarget "StaleApps" */ = {
			isa = XCConfigurationList;
			buildConfigurations = (
				024C53591EA506C600D560AA /* Debug */,
				024C535A1EA506C600D560AA /* Release */,
			);
			defaultConfigurationIsVisible = 0;
		};
/* End XCConfigurationList section */
	};
	rootObject = 024C533E1EA506C500D560AA /* Project object */;
}
